{
  "requires": true,
  "lockfileVersion": 1,
  "dependencies": {
    "flag-icon-css": {
      "version": "3.4.5",
      "resolved": "https://registry.npmjs.org/flag-icon-css/-/flag-icon-css-3.4.5.tgz",
      "integrity": "sha512-COo/PuJY/JddBLkdi7jL3gWF0z/hcvBRA4kfMXUjLeLglFf5IsyAzKZuXaXfCubVrkraVizmEp7Bn05upTXofA==",
      "requires": {
        "opencollective-postinstall": "2.0.2"
      }
    },
    "opencollective-postinstall": {
      "version": "2.0.2",
      "resolved": "https://registry.npmjs.org/opencollective-postinstall/-/opencollective-postinstall-2.0.2.tgz",
      "integrity": "sha512-pVOEP16TrAO2/fjej1IdOyupJY8KDUM1CvsaScRbw6oddvpQoOfGk4ywha0HKKVAD6RkW4x6Q+tNBwhf3Bgpuw=="
    }
  }
}
